// !$*UTF8*$!
{
	archiveVersion = 1;
	classes = {
	};
	objectVersion = 46;
	objects = {

/* Begin PBXBuildFile section */
		7A5ED83D1D8E368000EB7C54 /* main.m in Sources */ = {isa = PBXBuildFile; fileRef = 7A5ED83C1D8E368000EB7C54 /* main.m */; };
		7A5ED8401D8E368000EB7C54 /* AppDelegate.m in Sources */ = {isa = PBXBuildFile; fileRef = 7A5ED83F1D8E368000EB7C54 /* AppDelegate.m */; };
		7A5ED8431D8E368000EB7C54 /* ViewController.m in Sources */ = {isa = PBXBuildFile; fileRef = 7A5ED8421D8E368000EB7C54 /* ViewController.m */; };
		7A5ED8461D8E368000EB7C54 /* Main.storyboard in Resources */ = {isa = PBXBuildFile; fileRef = 7A5ED8441D8E368000EB7C54 /* Main.storyboard */; };
		7A5ED8481D8E368000EB7C54 /* Assets.xcassets in Resources */ = {isa = PBXBuildFile; fileRef = 7A5ED8471D8E368000EB7C54 /* Assets.xcassets */; };
		7A5ED84B1D8E368000EB7C54 /* LaunchScreen.storyboard in Resources */ = {isa = PBXBuildFile; fileRef = 7A5ED8491D8E368000EB7C54 /* LaunchScreen.storyboard */; };
		7A5ED8561D8E368000EB7C54 /* SixteenColorCodeTests.m in Sources */ = {isa = PBXBuildFile; fileRef = 7A5ED8551D8E368000EB7C54 /* SixteenColorCodeTests.m */; };
		7A5ED8611D8E368000EB7C54 /* SixteenColorCodeUITests.m in Sources */ = {isa = PBXBuildFile; fileRef = 7A5ED8601D8E368000EB7C54 /* SixteenColorCodeUITests.m */; };
		7A5ED8701D8E36A700EB7C54 /* UIColor+MXColor.m in Sources */ = {isa = PBXBuildFile; fileRef = 7A5ED86F1D8E36A700EB7C54 /* UIColor+MXColor.m */; };
/* End PBXBuildFile section */

/* Begin PBXContainerItemProxy section */
		7A5ED8521D8E368000EB7C54 /* PBXContainerItemProxy */ = {
			isa = PBXContainerItemProxy;
			containerPortal = 7A5ED8301D8E368000EB7C54 /* Project object */;
			proxyType = 1;
			remoteGlobalIDString = 7A5ED8371D8E368000EB7C54;
			remoteInfo = SixteenColorCode;
		};
		7A5ED85D1D8E368000EB7C54 /* PBXContainerItemProxy */ = {
			isa = PBXContainerItemProxy;
			containerPortal = 7A5ED8301D8E368000EB7C54 /* Project object */;
			proxyType = 1;
			remoteGlobalIDString = 7A5ED8371D8E368000EB7C54;
			remoteInfo = SixteenColorCode;
		};
/* End PBXContainerItemProxy section */

/* Begin PBXFileReference section */
		7A5ED8381D8E368000EB7C54 /* SixteenColorCode.app */ = {isa = PBXFileReference; explicitFileType = wrapper.application; includeInIndex = 0; path = SixteenColorCode.app; sourceTree = BUILT_PRODUCTS_DIR; };
		7A5ED83C1D8E368000EB7C54 /* main.m */ = {isa = PBXFileReference; lastKnownFileType = sourcecode.c.objc; path = main.m; sourceTree = "<group>"; };
		7A5ED83E1D8E368000EB7C54 /* AppDelegate.h */ = {isa = PBXFileReference; lastKnownFileType = sourcecode.c.h; path = AppDelegate.h; sourceTree = "<group>"; };
		7A5ED83F1D8E368000EB7C54 /* AppDelegate.m */ = {isa = PBXFileReference; lastKnownFileType = sourcecode.c.objc; path = AppDelegate.m; sourceTree = "<group>"; };
		7A5ED8411D8E368000EB7C54 /* ViewController.h */ = {isa = PBXFileReference; lastKnownFileType = sourcecode.c.h; path = ViewController.h; sourceTree = "<group>"; };
		7A5ED8421D8E368000EB7C54 /* ViewController.m */ = {isa = PBXFileReference; lastKnownFileType = sourcecode.c.objc; path = ViewController.m; sourceTree = "<group>"; };
		7A5ED8451D8E368000EB7C54 /* Base */ = {isa = PBXFileReference; lastKnownFileType = file.storyboard; name = Base; path = Base.lproj/Main.storyboard; sourceTree = "<group>"; };
		7A5ED8471D8E368000EB7C54 /* Assets.xcassets */ = {isa = PBXFileReference; lastKnownFileType = folder.assetcatalog; path = Assets.xcassets; sourceTree = "<group>"; };
		7A5ED84A1D8E368000EB7C54 /* Base */ = {isa = PBXFileReference; lastKnownFileType = file.storyboard; name = Base; path = Base.lproj/LaunchScreen.storyboard; sourceTree = "<group>"; };
		7A5ED84C1D8E368000EB7C54 /* Info.plist */ = {isa = PBXFileReference; lastKnownFileType = text.plist.xml; path = Info.plist; sourceTree = "<group>"; };
		7A5ED8511D8E368000EB7C54 /* SixteenColorCodeTests.xctest */ = {isa = PBXFileReference; explicitFileType = wrapper.cfbundle; includeInIndex = 0; path = SixteenColorCodeTests.xctest; sourceTree = BUILT_PRODUCTS_DIR; };
		7A5ED8551D8E368000EB7C54 /* SixteenColorCodeTests.m */ = {isa = PBXFileReference; lastKnownFileType = sourcecode.c.objc; path = SixteenColorCodeTests.m; sourceTree = "<group>"; };
		7A5ED8571D8E368000EB7C54 /* Info.plist */ = {isa = PBXFileReference; lastKnownFileType = text.plist.xml; path = Info.plist; sourceTree = "<group>"; };
		7A5ED85C1D8E368000EB7C54 /* SixteenColorCodeUITests.xctest */ = {isa = PBXFileReference; explicitFileType = wrapper.cfbundle; includeInIndex = 0; path = SixteenColorCodeUITests.xctest; sourceTree = BUILT_PRODUCTS_DIR; };
		7A5ED8601D8E368000EB7C54 /* SixteenColorCodeUITests.m */ = {isa = PBXFileReference; lastKnownFileType = sourcecode.c.objc; path = SixteenColorCodeUITests.m; sourceTree = "<group>"; };
		7A5ED8621D8E368000EB7C54 /* Info.plist */ = {isa = PBXFileReference; lastKnownFileType = text.plist.xml; path = Info.plist; sourceTree = "<group>"; };
		7A5ED86E1D8E36A700EB7C54 /* UIColor+MXColor.h */ = {isa = PBXFileReference; fileEncoding = 4; lastKnownFileType = sourcecode.c.h; path = "UIColor+MXColor.h"; sourceTree = "<group>"; };
		7A5ED86F1D8E36A700EB7C54 /* UIColor+MXColor.m */ = {isa = PBXFileReference; fileEncoding = 4; lastKnownFileType = sourcecode.c.objc; path = "UIColor+MXColor.m"; sourceTree = "<group>"; };
/* End PBXFileReference section */

/* Begin PBXFrameworksBuildPhase section */
		7A5ED8351D8E368000EB7C54 /* Frameworks */ = {
			isa = PBXFrameworksBuildPhase;
			buildActionMask = 2147483647;
			files = (
			);
			runOnlyForDeploymentPostprocessing = 0;
		};
		7A5ED84E1D8E368000EB7C54 /* Frameworks */ = {
			isa = PBXFrameworksBuildPhase;
			buildActionMask = 2147483647;
			files = (
			);
			runOnlyForDeploymentPostprocessing = 0;
		};
		7A5ED8591D8E368000EB7C54 /* Frameworks */ = {
			isa = PBXFrameworksBuildPhase;
			buildActionMask = 2147483647;
			files = (
			);
			runOnlyForDeploymentPostprocessing = 0;
		};
/* End PBXFrameworksBuildPhase section */

/* Begin PBXGroup section */
		7A5ED82F1D8E368000EB7C54 = {
			isa = PBXGroup;
			children = (
				7A5ED83A1D8E368000EB7C54 /* SixteenColorCode */,
				7A5ED8541D8E368000EB7C54 /* SixteenColorCodeTests */,
				7A5ED85F1D8E368000EB7C54 /* SixteenColorCodeUITests */,
				7A5ED8391D8E368000EB7C54 /* Products */,
			);
			sourceTree = "<group>";
		};
		7A5ED8391D8E368000EB7C54 /* Products */ = {
			isa = PBXGroup;
			children = (
				7A5ED8381D8E368000EB7C54 /* SixteenColorCode.app */,
				7A5ED8511D8E368000EB7C54 /* SixteenColorCodeTests.xctest */,
				7A5ED85C1D8E368000EB7C54 /* SixteenColorCodeUITests.xctest */,
			);
			name = Products;
			sourceTree = "<group>";
		};
		7A5ED83A1D8E368000EB7C54 /* SixteenColorCode */ = {
			isa = PBXGroup;
			children = (
				7A5ED86E1D8E36A700EB7C54 /* UIColor+MXColor.h */,
				7A5ED86F1D8E36A700EB7C54 /* UIColor+MXColor.m */,
				7A5ED83E1D8E368000EB7C54 /* AppDelegate.h */,
				7A5ED83F1D8E368000EB7C54 /* AppDelegate.m */,
				7A5ED8411D8E368000EB7C54 /* ViewController.h */,
				7A5ED8421D8E368000EB7C54 /* ViewController.m */,
				7A5ED8441D8E368000EB7C54 /* Main.storyboard */,
				7A5ED8471D8E368000EB7C54 /* Assets.xcassets */,
				7A5ED8491D8E368000EB7C54 /* LaunchScreen.storyboard */,
				7A5ED84C1D8E368000EB7C54 /* Info.plist */,
				7A5ED83B1D8E368000EB7C54 /* Supporting Files */,
			);
			path = SixteenColorCode;
			sourceTree = "<group>";
		};
		7A5ED83B1D8E368000EB7C54 /* Supporting Files */ = {
			isa = PBXGroup;
			children = (
				7A5ED83C1D8E368000EB7C54 /* main.m */,
			);
			name = "Supporting Files";
			sourceTree = "<group>";
		};
		7A5ED8541D8E368000EB7C54 /* SixteenColorCodeTests */ = {
			isa = PBXGroup;
			children = (
				7A5ED8551D8E368000EB7C54 /* SixteenColorCodeTests.m */,
				7A5ED8571D8E368000EB7C54 /* Info.plist */,
			);
			path = SixteenColorCodeTests;
			sourceTree = "<group>";
		};
		7A5ED85F1D8E368000EB7C54 /* SixteenColorCodeUITests */ = {
			isa = PBXGroup;
			children = (
				7A5ED8601D8E368000EB7C54 /* SixteenColorCodeUITests.m */,
				7A5ED8621D8E368000EB7C54 /* Info.plist */,
			);
			path = SixteenColorCodeUITests;
			sourceTree = "<group>";
		};
/* End PBXGroup section */

/* Begin PBXNativeTarget section */
		7A5ED8371D8E368000EB7C54 /* SixteenColorCode */ = {
			isa = PBXNativeTarget;
			buildConfigurationList = 7A5ED8651D8E368000EB7C54 /* Build configuration list for PBXNativeTarget "SixteenColorCode" */;
			buildPhases = (
				7A5ED8341D8E368000EB7C54 /* Sources */,
				7A5ED8351D8E368000EB7C54 /* Frameworks */,
				7A5ED8361D8E368000EB7C54 /* Resources */,
			);
			buildRules = (
			);
			dependencies = (
			);
			name = SixteenColorCode;
			productName = SixteenColorCode;
			productReference = 7A5ED8381D8E368000EB7C54 /* SixteenColorCode.app */;
			productType = "com.apple.product-type.application";
		};
		7A5ED8501D8E368000EB7C54 /* SixteenColorCodeTests */ = {
			isa = PBXNativeTarget;
			buildConfigurationList = 7A5ED8681D8E368000EB7C54 /* Build configuration list for PBXNativeTarget "SixteenColorCodeTests" */;
			buildPhases = (
				7A5ED84D1D8E368000EB7C54 /* Sources */,
				7A5ED84E1D8E368000EB7C54 /* Frameworks */,
				7A5ED84F1D8E368000EB7C54 /* Resources */,
			);
			buildRules = (
			);
			dependencies = (
				7A5ED8531D8E368000EB7C54 /* PBXTargetDependency */,
			);
			name = SixteenColorCodeTests;
			productName = SixteenColorCodeTests;
			productReference = 7A5ED8511D8E368000EB7C54 /* SixteenColorCodeTests.xctest */;
			productType = "com.apple.product-type.bundle.unit-test";
		};
		7A5ED85B1D8E368000EB7C54 /* SixteenColorCodeUITests */ = {
			isa = PBXNativeTarget;
			buildConfigurationList = 7A5ED86B1D8E368000EB7C54 /* Build configuration list for PBXNativeTarget "SixteenColorCodeUITests" */;
			buildPhases = (
				7A5ED8581D8E368000EB7C54 /* Sources */,
				7A5ED8591D8E368000EB7C54 /* Frameworks */,
				7A5ED85A1D8E368000EB7C54 /* Resources */,
			);
			buildRules = (
			);
			dependencies = (
				7A5ED85E1D8E368000EB7C54 /* PBXTargetDependency */,
			);
			name = SixteenColorCodeUITests;
			productName = SixteenColorCodeUITests;
			productReference = 7A5ED85C1D8E368000EB7C54 /* SixteenColorCodeUITests.xctest */;
			productType = "com.apple.product-type.bundle.ui-testing";
		};
/* End PBXNativeTarget section */

/* Begin PBXProject section */
		7A5ED8301D8E368000EB7C54 /* Project object */ = {
			isa = PBXProject;
			attributes = {
				LastUpgradeCheck = 0730;
				ORGANIZATIONNAME = "罗倩";
				TargetAttributes = {
					7A5ED8371D8E368000EB7C54 = {
						CreatedOnToolsVersion = 7.3.1;
						DevelopmentTeam = M3XYXT7238;
					};
					7A5ED8501D8E368000EB7C54 = {
						CreatedOnToolsVersion = 7.3.1;
						DevelopmentTeam = M3XYXT7238;
						TestTargetID = 7A5ED8371D8E368000EB7C54;
					};
					7A5ED85B1D8E368000EB7C54 = {
						CreatedOnToolsVersion = 7.3.1;
						DevelopmentTeam = M3XYXT7238;
						TestTargetID = 7A5ED8371D8E368000EB7C54;
					};
				};
			};
			buildConfigurationList = 7A5ED8331D8E368000EB7C54 /* Build configuration list for PBXProject "SixteenColorCode" */;
			compatibilityVersion = "Xcode 3.2";
			developmentRegion = English;
			hasScannedForEncodings = 0;
			knownRegions = (
				en,
				Base,
			);
			mainGroup = 7A5ED82F1D8E368000EB7C54;
			productRefGroup = 7A5ED8391D8E368000EB7C54 /* Products */;
			projectDirPath = "";
			projectRoot = "";
			targets = (
				7A5ED8371D8E368000EB7C54 /* SixteenColorCode */,
				7A5ED8501D8E368000EB7C54 /* SixteenColorCodeTests */,
				7A5ED85B1D8E368000EB7C54 /* SixteenColorCodeUITests */,
			);
		};
/* End PBXProject section */

/* Begin PBXResourcesBuildPhase section */
		7A5ED8361D8E368000EB7C54 /* Resources */ = {
			isa = PBXResourcesBuildPhase;
			buildActionMask = 2147483647;
			files = (
				7A5ED84B1D8E368000EB7C54 /* LaunchScreen.storyboard in Resources */,
				7A5ED8481D8E368000EB7C54 /* Assets.xcassets in Resources */,
				7A5ED8461D8E368000EB7C54 /* Main.storyboard in Resources */,
			);
			runOnlyForDeploymentPostprocessing = 0;
		};
		7A5ED84F1D8E368000EB7C54 /* Resources */ = {
			isa = PBXResourcesBuildPhase;
			buildActionMask = 2147483647;
			files = (
			);
			runOnlyForDeploymentPostprocessing = 0;
		};
		7A5ED85A1D8E368000EB7C54 /* Resources */ = {
			isa = PBXResourcesBuildPhase;
			buildActionMask = 2147483647;
			files = (
			);
			runOnlyForDeploymentPostprocessing = 0;
		};
/* End PBXResourcesBuildPhase section */

/* Begin PBXSourcesBuildPhase section */
		7A5ED8341D8E368000EB7C54 /* Sources */ = {
			isa = PBXSourcesBuildPhase;
			buildActionMask = 2147483647;
			files = (
				7A5ED8701D8E36A700EB7C54 /* UIColor+MXColor.m in Sources */,
				7A5ED8431D8E368000EB7C54 /* ViewController.m in Sources */,
				7A5ED8401D8E368000EB7C54 /* AppDelegate.m in Sources */,
				7A5ED83D1D8E368000EB7C54 /* main.m in Sources */,
			);
			runOnlyForDeploymentPostprocessing = 0;
		};
		7A5ED84D1D8E368000EB7C54 /* Sources */ = {
			isa = PBXSourcesBuildPhase;
			buildActionMask = 2147483647;
			files = (
				7A5ED8561D8E368000EB7C54 /* SixteenColorCodeTests.m in Sources */,
			);
			runOnlyForDeploymentPostprocessing = 0;
		};
		7A5ED8581D8E368000EB7C54 /* Sources */ = {
			isa = PBXSourcesBuildPhase;
			buildActionMask = 2147483647;
			files = (
				7A5ED8611D8E368000EB7C54 /* SixteenColorCodeUITests.m in Sources */,
			);
			runOnlyForDeploymentPostprocessing = 0;
		};
/* End PBXSourcesBuildPhase section */

/* Begin PBXTargetDependency section */
		7A5ED8531D8E368000EB7C54 /* PBXTargetDependency */ = {
			isa = PBXTargetDependency;
			target = 7A5ED8371D8E368000EB7C54 /* SixteenColorCode */;
			targetProxy = 7A5ED8521D8E368000EB7C54 /* PBXContainerItemProxy */;
		};
		7A5ED85E1D8E368000EB7C54 /* PBXTargetDependency */ = {
			isa = PBXTargetDependency;
			target = 7A5ED8371D8E368000EB7C54 /* SixteenColorCode */;
			targetProxy = 7A5ED85D1D8E368000EB7C54 /* PBXContainerItemProxy */;
		};
/* End PBXTargetDependency section */

/* Begin PBXVariantGroup section */
		7A5ED8441D8E368000EB7C54 /* Main.storyboard */ = {
			isa = PBXVariantGroup;
			children = (
				7A5ED8451D8E368000EB7C54 /* Base */,
			);
			name = Main.storyboard;
			sourceTree = "<group>";
		};
		7A5ED8491D8E368000EB7C54 /* LaunchScreen.storyboard */ = {
			isa = PBXVariantGroup;
			children = (
				7A5ED84A1D8E368000EB7C54 /* Base */,
			);
			name = LaunchScreen.storyboard;
			sourceTree = "<group>";
		};
/* End PBXVariantGroup section */

/* Begin XCBuildConfiguration section */
		7A5ED8631D8E368000EB7C54 /* Debug */ = {
			isa = XCBuildConfiguration;
			buildSettings = {
				ALWAYS_SEARCH_USER_PATHS = NO;
				CLANG_ANALYZER_NONNULL = YES;
				CLANG_CXX_LANGUAGE_STANDARD = "gnu++0x";
				CLANG_CXX_LIBRARY = "libc++";
				CLANG_ENABLE_MODULES = YES;
				CLANG_ENABLE_OBJC_ARC = YES;
				CLANG_WARN_BOOL_CONVERSION = YES;
				CLANG_WARN_CONSTANT_CONVERSION = YES;
				CLANG_WARN_DIRECT_OBJC_ISA_USAGE = YES_ERROR;
				CLANG_WARN_EMPTY_BODY = YES;
				CLANG_WARN_ENUM_CONVERSION = YES;
				CLANG_WARN_INT_CONVERSION = YES;
				CLANG_WARN_OBJC_ROOT_CLASS = YES_ERROR;
				CLANG_WARN_UNREACHABLE_CODE = YES;
				CLANG_WARN__DUPLICATE_METHOD_MATCH = YES;
				"CODE_SIGN_IDENTITY[sdk=iphoneos*]" = "iPhone Developer";
				COPY_PHASE_STRIP = NO;
				DEBUG_INFORMATION_FORMAT = dwarf;
				ENABLE_STRICT_OBJC_MSGSEND = YES;
				ENABLE_TESTABILITY = YES;
				GCC_C_LANGUAGE_STANDARD = gnu99;
				GCC_DYNAMIC_NO_PIC = NO;
				GCC_NO_COMMON_BLOCKS = YES;
				GCC_OPTIMIZATION_LEVEL = 0;
				GCC_PREPROCESSOR_DEFINITIONS = (
					"DEBUG=1",
					"$(inherited)",
				);
				GCC_WARN_64_TO_32_BIT_CONVERSION = YES;
				GCC_WARN_ABOUT_RETURN_TYPE = YES_ERROR;
				GCC_WARN_UNDECLARED_SELECTOR = YES;
				GCC_WARN_UNINITIALIZED_AUTOS = YES_AGGRESSIVE;
				GCC_WARN_UNUSED_FUNCTION = YES;
				GCC_WARN_UNUSED_VARIABLE = YES;
				IPHONEOS_DEPLOYMENT_TARGET = 9.3;
				MTL_ENABLE_DEBUG_INFO = YES;
				ONLY_ACTIVE_ARCH = YES;
				SDKROOT = iphoneos;
			};
			name = Debug;
		};
		7A5ED8641D8E368000EB7C54 /* Release */ = {
			isa = XCBuildConfiguration;
			buildSettings = {
				ALWAYS_SEARCH_USER_PATHS = NO;
				CLANG_ANALYZER_NONNULL = YES;
				CLANG_CXX_LANGUAGE_STANDARD = "gnu++0x";
				CLANG_CXX_LIBRARY = "libc++";
				CLANG_ENABLE_MODULES = YES;
				CLANG_ENABLE_OBJC_ARC = YES;
				CLANG_WARN_BOOL_CONVERSION = YES;
				CLANG_WARN_CONSTANT_CONVERSION = YES;
				CLANG_WARN_DIRECT_OBJC_ISA_USAGE = YES_ERROR;
				CLANG_WARN_EMPTY_BODY = YES;
				CLANG_WARN_ENUM_CONVERSION = YES;
				CLANG_WARN_INT_CONVERSION = YES;
				CLANG_WARN_OBJC_ROOT_CLASS = YES_ERROR;
				CLANG_WARN_UNREACHABLE_CODE = YES;
				CLANG_WARN__DUPLICATE_METHOD_MATCH = YES;
				"CODE_SIGN_IDENTITY[sdk=iphoneos*]" = "iPhone Developer";
				COPY_PHASE_STRIP = NO;
				DEBUG_INFORMATION_FORMAT = "dwarf-with-dsym";
				ENABLE_NS_ASSERTIONS = NO;
				ENABLE_STRICT_OBJC_MSGSEND = YES;
				GCC_C_LANGUAGE_STANDARD = gnu99;
				GCC_NO_COMMON_BLOCKS = YES;
				GCC_WARN_64_TO_32_BIT_CONVERSION = YES;
				GCC_WARN_ABOUT_RETURN_TYPE = YES_ERROR;
				GCC_WARN_UNDECLARED_SELECTOR = YES;
				GCC_WARN_UNINITIALIZED_AUTOS = YES_AGGRESSIVE;
				GCC_WARN_UNUSED_FUNCTION = YES;
				GCC_WARN_UNUSED_VARIABLE = YES;
				IPHONEOS_DEPLOYMENT_TARGET = 9.3;
				MTL_ENABLE_DEBUG_INFO = NO;
				SDKROOT = iphoneos;
				VALIDATE_PRODUCT = YES;
			};
			name = Release;
		};
		7A5ED8661D8E368000EB7C54 /* Debug */ = {
			isa = XCBuildConfiguration;
			buildSettings = {
				ASSETCATALOG_COMPILER_APPICON_NAME = AppIcon;
				CODE_SIGN_IDENTITY = "iPhone Developer";
				"CODE_SIGN_IDENTITY[sdk=iphoneos*]" = "iPhone Developer";
				INFOPLIST_FILE = SixteenColorCode/Info.plist;
				LD_RUNPATH_SEARCH_PATHS = "$(inherited) @executable_path/Frameworks";
				PRODUCT_BUNDLE_IDENTIFIER = gome.SixteenColorCode;
				PRODUCT_NAME = "$(TARGET_NAME)";
				PROVISIONING_PROFILE = "";
			};
			name = Debug;
		};
		7A5ED8671D8E368000EB7C54 /* Release */ = {
			isa = XCBuildConfiguration;
			buildSettings = {
				ASSETCATALOG_COMPILER_APPICON_NAME = AppIcon;
				CODE_SIGN_IDENTITY = "iPhone Developer";
				"CODE_SIGN_IDENTITY[sdk=iphoneos*]" = "iPhone Developer";
				INFOPLIST_FILE = SixteenColorCode/Info.plist;
				LD_RUNPATH_SEARCH_PATHS = "$(inherited) @executable_path/Frameworks";
				PRODUCT_BUNDLE_IDENTIFIER = gome.SixteenColorCode;
				PRODUCT_NAME = "$(TARGET_NAME)";
				PROVISIONING_PROFILE = "";
			};
			name = Release;
		};
		7A5ED8691D8E368000EB7C54 /* Debug */ = {
			isa = XCBuildConfiguration;
			buildSettings = {
				BUNDLE_LOADER = "$(TEST_HOST)";
				INFOPLIST_FILE = SixteenColorCodeTests/Info.plist;
				LD_RUNPATH_SEARCH_PATHS = "$(inherited) @executable_path/Frameworks @loader_path/Frameworks";
				PRODUCT_BUNDLE_IDENTIFIER = gome.SixteenColorCodeTests;
				PRODUCT_NAME = "$(TARGET_NAME)";
				TEST_HOST = "$(BUILT_PRODUCTS_DIR)/SixteenColorCode.app/SixteenColorCode";
			};
			name = Debug;
		};
		7A5ED86A1D8E368000EB7C54 /* Release */ = {
			isa = XCBuildConfiguration;
			buildSettings = {
				BUNDLE_LOADER = "$(TEST_HOST)";
				INFOPLIST_FILE = SixteenColorCodeTests/Info.plist;
				LD_RUNPATH_SEARCH_PATHS = "$(inherited) @executable_path/Frameworks @loader_path/Frameworks";
				PRODUCT_BUNDLE_IDENTIFIER = gome.SixteenColorCodeTests;
				PRODUCT_NAME = "$(TARGET_NAME)";
				TEST_HOST = "$(BUILT_PRODUCTS_DIR)/SixteenColorCode.app/SixteenColorCode";
			};
			name = Release;
		};
		7A5ED86C1D8E368000EB7C54 /* Debug */ = {
			isa = XCBuildConfiguration;
			buildSettings = {
				INFOPLIST_FILE = SixteenColorCodeUITests/Info.plist;
				LD_RUNPATH_SEARCH_PATHS = "$(inherited) @executable_path/Frameworks @loader_path/Frameworks";
				PRODUCT_BUNDLE_IDENTIFIER = gome.SixteenColorCodeUITests;
				PRODUCT_NAME = "$(TARGET_NAME)";
				TEST_TARGET_NAME = SixteenColorCode;
			};
			name = Debug;
		};
		7A5ED86D1D8E368000EB7C54 /* Release */ = {
			isa = XCBuildConfiguration;
			buildSettings = {
				INFOPLIST_FILE = SixteenColorCodeUITests/Info.plist;
				LD_RUNPATH_SEARCH_PATHS = "$(inherited) @executable_path/Frameworks @loader_path/Frameworks";
				PRODUCT_BUNDLE_IDENTIFIER = gome.SixteenColorCodeUITests;
				PRODUCT_NAME = "$(TARGET_NAME)";
				TEST_TARGET_NAME = SixteenColorCode;
			};
			name = Release;
		};
/* End XCBuildConfiguration section */

/* Begin XCConfigurationList section */
		7A5ED8331D8E368000EB7C54 /* Build configuration list for PBXProject "SixteenColorCode" */ = {
			isa = XCConfigurationList;
			buildConfigurations = (
				7A5ED8631D8E368000EB7C54 /* Debug */,
				7A5ED8641D8E368000EB7C54 /* Release */,
			);
			defaultConfigurationIsVisible = 0;
			defaultConfigurationName = Release;
		};
		7A5ED8651D8E368000EB7C54 /* Build configuration list for PBXNativeTarget "SixteenColorCode" */ = {
			isa = XCConfigurationList;
			buildConfigurations = (
				7A5ED8661D8E368000EB7C54 /* Debug */,
				7A5ED8671D8E368000EB7C54 /* Release */,
			);
			defaultConfigurationIsVisible = 0;
		};
		7A5ED8681D8E368000EB7C54 /* Build configuration list for PBXNativeTarget "SixteenColorCodeTests" */ = {
			isa = XCConfigurationList;
			buildConfigurations = (
				7A5ED8691D8E368000EB7C54 /* Debug */,
				7A5ED86A1D8E368000EB7C54 /* Release */,
			);
			defaultConfigurationIsVisible = 0;
		};
		7A5ED86B1D8E368000EB7C54 /* Build configuration list for PBXNativeTarget "SixteenColorCodeUITests" */ = {
			isa = XCConfigurationList;
			buildConfigurations = (
				7A5ED86C1D8E368000EB7C54 /* Debug */,
				7A5ED86D1D8E368000EB7C54 /* Release */,
			);
			defaultConfigurationIsVisible = 0;
		};
/* End XCConfigurationList section */
	};
	rootObject = 7A5ED8301D8E368000EB7C54 /* Project object */;
}
